
Microsoft Visual Studio Solution File, Format Version 12.00
# Visual Studio Version 17
VisualStudioVersion = 17.1.32210.238
MinimumVisualStudioVersion = 10.0.40219.1
Project("{9A19103F-16F7-4668-BE54-9A1E7A4F7556}") = "TecnoCarWash", "TecnoCarWash\TecnoCarWash.csproj", "{EE0D3EBA-E48A-4C28-93BC-960AE30EC8E3}"
EndProject
Global
	GlobalSection(SolutionConfigurationPlatforms) = preSolution
		Debug|Any CPU = Debug|Any CPU
		Release|Any CPU = Release|Any CPU
	EndGlobalSection
	GlobalSection(ProjectConfigurationPlatforms) = postSolution
		{EE0D3EBA-E48A-4C28-93BC-960AE30EC8E3}.Debug|Any CPU.ActiveCfg = Debug|Any CPU
		{EE0D3EBA-E48A-4C28-93BC-960AE30EC8E3}.Debug|Any CPU.Build.0 = Debug|Any CPU
		{EE0D3EBA-E48A-4C28-93BC-960AE30EC8E3}.Release|Any CPU.ActiveCfg = Release|Any CPU
		{EE0D3EBA-E48A-4C28-93BC-960AE30EC8E3}.Release|Any CPU.Build.0 = Release|Any CPU
	EndGlobalSection
	GlobalSection(SolutionProperties) = preSolution
		HideSolutionNode = FALSE
	EndGlobalSection
	GlobalSection(ExtensibilityGlobals) = postSolution
		SolutionGuid = {407372A8-4041-4214-9B3B-2D68E97D33AE}
	EndGlobalSection
EndGlobal
